// !$*UTF8*$!
{
	archiveVersion = 1;
	classes = {
	};
	objectVersion = 56;
	objects = {

/* Begin PBXBuildFile section */
		9D1CC49F28FC11200044B92B /* todosViewController.swift in Sources */ = {isa = PBXBuildFile; fileRef = 9D1CC49E28FC11200044B92B /* todosViewController.swift */; };
		9D1CC4A328FD689E0044B92B /* DataSource.swift in Sources */ = {isa = PBXBuildFile; fileRef = 9D1CC4A228FD689E0044B92B /* DataSource.swift */; };
		9D1CC4A528FD68B90044B92B /* Delegate.swift in Sources */ = {isa = PBXBuildFile; fileRef = 9D1CC4A428FD68B90044B92B /* Delegate.swift */; };
		9D1CC4A928FE55D60044B92B /* Eventlistener.swift in Sources */ = {isa = PBXBuildFile; fileRef = 9D1CC4A828FE55D60044B92B /* Eventlistener.swift */; };
		9D1CC4AB28FE8B4D0044B92B /* Storage.swift in Sources */ = {isa = PBXBuildFile; fileRef = 9D1CC4AA28FE8B4D0044B92B /* Storage.swift */; };
		9D52A84628F90A73005CF2F7 /* AppDelegate.swift in Sources */ = {isa = PBXBuildFile; fileRef = 9D52A84528F90A73005CF2F7 /* AppDelegate.swift */; };
		9D52A84828F90A73005CF2F7 /* SceneDelegate.swift in Sources */ = {isa = PBXBuildFile; fileRef = 9D52A84728F90A73005CF2F7 /* SceneDelegate.swift */; };
		9D52A84D28F90A73005CF2F7 /* Main.storyboard in Resources */ = {isa = PBXBuildFile; fileRef = 9D52A84B28F90A73005CF2F7 /* Main.storyboard */; };
		9D52A85028F90A73005CF2F7 /* ToDOS.xcdatamodeld in Sources */ = {isa = PBXBuildFile; fileRef = 9D52A84E28F90A73005CF2F7 /* ToDOS.xcdatamodeld */; };
		9D52A85228F90A74005CF2F7 /* Assets.xcassets in Resources */ = {isa = PBXBuildFile; fileRef = 9D52A85128F90A74005CF2F7 /* Assets.xcassets */; };
		9D52A85528F90A74005CF2F7 /* LaunchScreen.storyboard in Resources */ = {isa = PBXBuildFile; fileRef = 9D52A85328F90A74005CF2F7 /* LaunchScreen.storyboard */; };
		9D52A85D28F93D84005CF2F7 /* TodosTableVC.swift in Sources */ = {isa = PBXBuildFile; fileRef = 9D52A85C28F93D84005CF2F7 /* TodosTableVC.swift */; };
		9D52A85F28F99F9B005CF2F7 /* Constants.swift in Sources */ = {isa = PBXBuildFile; fileRef = 9D52A85E28F99F9B005CF2F7 /* Constants.swift */; };
		9D52A86128FA5B6E005CF2F7 /* ToDoCell.swift in Sources */ = {isa = PBXBuildFile; fileRef = 9D52A86028FA5B6E005CF2F7 /* ToDoCell.swift */; };
		9D52A86328FA5E6F005CF2F7 /* Todo.swift in Sources */ = {isa = PBXBuildFile; fileRef = 9D52A86228FA5E6F005CF2F7 /* Todo.swift */; };
/* End PBXBuildFile section */

/* Begin PBXFileReference section */
		9D1CC49E28FC11200044B92B /* todosViewController.swift */ = {isa = PBXFileReference; lastKnownFileType = sourcecode.swift; path = todosViewController.swift; sourceTree = "<group>"; };
		9D1CC4A028FD664A0044B92B /* zh-Hans */ = {isa = PBXFileReference; lastKnownFileType = text.plist.strings; name = "zh-Hans"; path = "zh-Hans.lproj/Main.strings"; sourceTree = "<group>"; };
		9D1CC4A128FD664A0044B92B /* zh-Hans */ = {isa = PBXFileReference; lastKnownFileType = text.plist.strings; name = "zh-Hans"; path = "zh-Hans.lproj/LaunchScreen.strings"; sourceTree = "<group>"; };
		9D1CC4A228FD689E0044B92B /* DataSource.swift */ = {isa = PBXFileReference; lastKnownFileType = sourcecode.swift; path = DataSource.swift; sourceTree = "<group>"; };
		9D1CC4A428FD68B90044B92B /* Delegate.swift */ = {isa = PBXFileReference; lastKnownFileType = sourcecode.swift; path = Delegate.swift; sourceTree = "<group>"; };
		9D1CC4A828FE55D60044B92B /* Eventlistener.swift */ = {isa = PBXFileReference; lastKnownFileType = sourcecode.swift; path = Eventlistener.swift; sourceTree = "<group>"; };
		9D1CC4AA28FE8B4D0044B92B /* Storage.swift */ = {isa = PBXFileReference; lastKnownFileType = sourcecode.swift; path = Storage.swift; sourceTree = "<group>"; };
		9D52A84228F90A73005CF2F7 /* ToDOS.app */ = {isa = PBXFileReference; explicitFileType = wrapper.application; includeInIndex = 0; path = ToDOS.app; sourceTree = BUILT_PRODUCTS_DIR; };
		9D52A84528F90A73005CF2F7 /* AppDelegate.swift */ = {isa = PBXFileReference; lastKnownFileType = sourcecode.swift; path = AppDelegate.swift; sourceTree = "<group>"; };
		9D52A84728F90A73005CF2F7 /* SceneDelegate.swift */ = {isa = PBXFileReference; lastKnownFileType = sourcecode.swift; path = SceneDelegate.swift; sourceTree = "<group>"; };
		9D52A84C28F90A73005CF2F7 /* Base */ = {isa = PBXFileReference; lastKnownFileType = file.storyboard; name = Base; path = Base.lproj/Main.storyboard; sourceTree = "<group>"; };
		9D52A84F28F90A73005CF2F7 /* ToDOS.xcdatamodel */ = {isa = PBXFileReference; lastKnownFileType = wrapper.xcdatamodel; path = ToDOS.xcdatamodel; sourceTree = "<group>"; };
		9D52A85128F90A74005CF2F7 /* Assets.xcassets */ = {isa = PBXFileReference; lastKnownFileType = folder.assetcatalog; path = Assets.xcassets; sourceTree = "<group>"; };
		9D52A85428F90A74005CF2F7 /* Base */ = {isa = PBXFileReference; lastKnownFileType = file.storyboard; name = Base; path = Base.lproj/LaunchScreen.storyboard; sourceTree = "<group>"; };
		9D52A85628F90A74005CF2F7 /* Info.plist */ = {isa = PBXFileReference; lastKnownFileType = text.plist.xml; path = Info.plist; sourceTree = "<group>"; };
		9D52A85C28F93D84005CF2F7 /* TodosTableVC.swift */ = {isa = PBXFileReference; lastKnownFileType = sourcecode.swift; path = TodosTableVC.swift; sourceTree = "<group>"; };
		9D52A85E28F99F9B005CF2F7 /* Constants.swift */ = {isa = PBXFileReference; lastKnownFileType = sourcecode.swift; path = Constants.swift; sourceTree = "<group>"; };
		9D52A86028FA5B6E005CF2F7 /* ToDoCell.swift */ = {isa = PBXFileReference; lastKnownFileType = sourcecode.swift; path = ToDoCell.swift; sourceTree = "<group>"; };
		9D52A86228FA5E6F005CF2F7 /* Todo.swift */ = {isa = PBXFileReference; lastKnownFileType = sourcecode.swift; path = Todo.swift; sourceTree = "<group>"; };
/* End PBXFileReference section */

/* Begin PBXFrameworksBuildPhase section */
		9D52A83F28F90A73005CF2F7 /* Frameworks */ = {
			isa = PBXFrameworksBuildPhase;
			buildActionMask = 2147483647;
			files = (
			);
			runOnlyForDeploymentPostprocessing = 0;
		};
/* End PBXFrameworksBuildPhase section */

/* Begin PBXGroup section */
		9D52A83928F90A73005CF2F7 = {
			isa = PBXGroup;
			children = (
				9D52A84428F90A73005CF2F7 /* ToDOS */,
				9D52A84328F90A73005CF2F7 /* Products */,
			);
			sourceTree = "<group>";
		};
		9D52A84328F90A73005CF2F7 /* Products */ = {
			isa = PBXGroup;
			children = (
				9D52A84228F90A73005CF2F7 /* ToDOS.app */,
			);
			name = Products;
			sourceTree = "<group>";
		};
		9D52A84428F90A73005CF2F7 /* ToDOS */ = {
			isa = PBXGroup;
			children = (
				9D52A84528F90A73005CF2F7 /* AppDelegate.swift */,
				9D52A84728F90A73005CF2F7 /* SceneDelegate.swift */,
				9D52A84B28F90A73005CF2F7 /* Main.storyboard */,
				9D52A86428FA5E79005CF2F7 /* Model */,
				9D52A86028FA5B6E005CF2F7 /* ToDoCell.swift */,
				9D1CC4A228FD689E0044B92B /* DataSource.swift */,
				9D1CC4A828FE55D60044B92B /* Eventlistener.swift */,
				9D1CC4A428FD68B90044B92B /* Delegate.swift */,
				9D1CC4AA28FE8B4D0044B92B /* Storage.swift */,
				9D52A85C28F93D84005CF2F7 /* TodosTableVC.swift */,
				9D1CC49E28FC11200044B92B /* todosViewController.swift */,
				9D52A85E28F99F9B005CF2F7 /* Constants.swift */,
				9D52A85128F90A74005CF2F7 /* Assets.xcassets */,
				9D52A85328F90A74005CF2F7 /* LaunchScreen.storyboard */,
				9D52A85628F90A74005CF2F7 /* Info.plist */,
				9D52A84E28F90A73005CF2F7 /* ToDOS.xcdatamodeld */,
			);
			path = ToDOS;
			sourceTree = "<group>";
		};
		9D52A86428FA5E79005CF2F7 /* Model */ = {
			isa = PBXGroup;
			children = (
				9D52A86228FA5E6F005CF2F7 /* Todo.swift */,
			);
			path = Model;
			sourceTree = "<group>";
		};
/* End PBXGroup section */

/* Begin PBXNativeTarget section */
		9D52A84128F90A73005CF2F7 /* ToDOS */ = {
			isa = PBXNativeTarget;
			buildConfigurationList = 9D52A85928F90A74005CF2F7 /* Build configuration list for PBXNativeTarget "ToDOS" */;
			buildPhases = (
				9D52A83E28F90A73005CF2F7 /* Sources */,
				9D52A83F28F90A73005CF2F7 /* Frameworks */,
				9D52A84028F90A73005CF2F7 /* Resources */,
			);
			buildRules = (
			);
			dependencies = (
			);
			name = ToDOS;
			productName = ToDOS;
			productReference = 9D52A84228F90A73005CF2F7 /* ToDOS.app */;
			productType = "com.apple.product-type.application";
		};
/* End PBXNativeTarget section */

/* Begin PBXProject section */
		9D52A83A28F90A73005CF2F7 /* Project object */ = {
			isa = PBXProject;
			attributes = {
				BuildIndependentTargetsInParallel = 1;
				LastSwiftUpdateCheck = 1400;
				LastUpgradeCheck = 1400;
				TargetAttributes = {
					9D52A84128F90A73005CF2F7 = {
						CreatedOnToolsVersion = 14.0;
					};
				};
			};
			buildConfigurationList = 9D52A83D28F90A73005CF2F7 /* Build configuration list for PBXProject "ToDOS" */;
			compatibilityVersion = "Xcode 14.0";
			developmentRegion = en;
			hasScannedForEncodings = 0;
			knownRegions = (
				en,
				Base,
				"zh-Hans",
			);
			mainGroup = 9D52A83928F90A73005CF2F7;
			productRefGroup = 9D52A84328F90A73005CF2F7 /* Products */;
			projectDirPath = "";
			projectRoot = "";
			targets = (
				9D52A84128F90A73005CF2F7 /* ToDOS */,
			);
		};
/* End PBXProject section */

/* Begin PBXResourcesBuildPhase section */
		9D52A84028F90A73005CF2F7 /* Resources */ = {
			isa = PBXResourcesBuildPhase;
			buildActionMask = 2147483647;
			files = (
				9D52A85528F90A74005CF2F7 /* LaunchScreen.storyboard in Resources */,
				9D52A85228F90A74005CF2F7 /* Assets.xcassets in Resources */,
				9D52A84D28F90A73005CF2F7 /* Main.storyboard in Resources */,
			);
			runOnlyForDeploymentPostprocessing = 0;
		};
/* End PBXResourcesBuildPhase section */

/* Begin PBXSourcesBuildPhase section */
		9D52A83E28F90A73005CF2F7 /* Sources */ = {
			isa = PBXSourcesBuildPhase;
			buildActionMask = 2147483647;
			files = (
				9D52A85F28F99F9B005CF2F7 /* Constants.swift in Sources */,
				9D52A86328FA5E6F005CF2F7 /* Todo.swift in Sources */,
				9D52A86128FA5B6E005CF2F7 /* ToDoCell.swift in Sources */,
				9D1CC4A328FD689E0044B92B /* DataSource.swift in Sources */,
				9D52A85D28F93D84005CF2F7 /* TodosTableVC.swift in Sources */,
				9D1CC4AB28FE8B4D0044B92B /* Storage.swift in Sources */,
				9D1CC49F28FC11200044B92B /* todosViewController.swift in Sources */,
				9D1CC4A528FD68B90044B92B /* Delegate.swift in Sources */,
				9D52A84628F90A73005CF2F7 /* AppDelegate.swift in Sources */,
				9D52A84828F90A73005CF2F7 /* SceneDelegate.swift in Sources */,
				9D52A85028F90A73005CF2F7 /* ToDOS.xcdatamodeld in Sources */,
				9D1CC4A928FE55D60044B92B /* Eventlistener.swift in Sources */,
			);
			runOnlyForDeploymentPostprocessing = 0;
		};
/* End PBXSourcesBuildPhase section */

/* Begin PBXVariantGroup section */
		9D52A84B28F90A73005CF2F7 /* Main.storyboard */ = {
			isa = PBXVariantGroup;
			children = (
				9D52A84C28F90A73005CF2F7 /* Base */,
				9D1CC4A028FD664A0044B92B /* zh-Hans */,
			);
			name = Main.storyboard;
			sourceTree = "<group>";
		};
		9D52A85328F90A74005CF2F7 /* LaunchScreen.storyboard */ = {
			isa = PBXVariantGroup;
			children = (
				9D52A85428F90A74005CF2F7 /* Base */,
				9D1CC4A128FD664A0044B92B /* zh-Hans */,
			);
			name = LaunchScreen.storyboard;
			sourceTree = "<group>";
		};
/* End PBXVariantGroup section */

/* Begin XCBuildConfiguration section */
		9D52A85728F90A74005CF2F7 /* Debug */ = {
			isa = XCBuildConfiguration;
			buildSettings = {
				ALWAYS_SEARCH_USER_PATHS = NO;
				CLANG_ANALYZER_LOCALIZABILITY_NONLOCALIZED = YES;
				CLANG_ANALYZER_NONNULL = YES;
				CLANG_ANALYZER_NUMBER_OBJECT_CONVERSION = YES_AGGRESSIVE;
				CLANG_CXX_LANGUAGE_STANDARD = "gnu++20";
				CLANG_ENABLE_MODULES = YES;
				CLANG_ENABLE_OBJC_ARC = YES;
				CLANG_ENABLE_OBJC_WEAK = YES;
				CLANG_WARN_BLOCK_CAPTURE_AUTORELEASING = YES;
				CLANG_WARN_BOOL_CONVERSION = YES;
				CLANG_WARN_COMMA = YES;
				CLANG_WARN_CONSTANT_CONVERSION = YES;
				CLANG_WARN_DEPRECATED_OBJC_IMPLEMENTATIONS = YES;
				CLANG_WARN_DIRECT_OBJC_ISA_USAGE = YES_ERROR;
				CLANG_WARN_DOCUMENTATION_COMMENTS = YES;
				CLANG_WARN_EMPTY_BODY = YES;
				CLANG_WARN_ENUM_CONVERSION = YES;
				CLANG_WARN_INFINITE_RECURSION = YES;
				CLANG_WARN_INT_CONVERSION = YES;
				CLANG_WARN_NON_LITERAL_NULL_CONVERSION = YES;
				CLANG_WARN_OBJC_IMPLICIT_RETAIN_SELF = YES;
				CLANG_WARN_OBJC_LITERAL_CONVERSION = YES;
				CLANG_WARN_OBJC_ROOT_CLASS = YES_ERROR;
				CLANG_WARN_QUOTED_INCLUDE_IN_FRAMEWORK_HEADER = YES;
				CLANG_WARN_RANGE_LOOP_ANALYSIS = YES;
				CLANG_WARN_STRICT_PROTOTYPES = YES;
				CLANG_WARN_SUSPICIOUS_MOVE = YES;
				CLANG_WARN_UNGUARDED_AVAILABILITY = YES_AGGRESSIVE;
				CLANG_WARN_UNREACHABLE_CODE = YES;
				CLANG_WARN__DUPLICATE_METHOD_MATCH = YES;
				COPY_PHASE_STRIP = NO;
				DEBUG_INFORMATION_FORMAT = dwarf;
				ENABLE_STRICT_OBJC_MSGSEND = YES;
				ENABLE_TESTABILITY = YES;
				GCC_C_LANGUAGE_STANDARD = gnu11;
				GCC_DYNAMIC_NO_PIC = NO;
				GCC_NO_COMMON_BLOCKS = YES;
				GCC_OPTIMIZATION_LEVEL = 0;
				GCC_PREPROCESSOR_DEFINITIONS = (
					"DEBUG=1",
					"$(inherited)",
				);
				GCC_WARN_64_TO_32_BIT_CONVERSION = YES;
				GCC_WARN_ABOUT_RETURN_TYPE = YES_ERROR;
				GCC_WARN_UNDECLARED_SELECTOR = YES;
				GCC_WARN_UNINITIALIZED_AUTOS = YES_AGGRESSIVE;
				GCC_WARN_UNUSED_FUNCTION = YES;
				GCC_WARN_UNUSED_VARIABLE = YES;
				IPHONEOS_DEPLOYMENT_TARGET = 16.0;
				MTL_ENABLE_DEBUG_INFO = INCLUDE_SOURCE;
				MTL_FAST_MATH = YES;
				ONLY_ACTIVE_ARCH = YES;
				SDKROOT = iphoneos;
				SWIFT_ACTIVE_COMPILATION_CONDITIONS = DEBUG;
				SWIFT_OPTIMIZATION_LEVEL = "-Onone";
			};
			name = Debug;
		};
		9D52A85828F90A74005CF2F7 /* Release */ = {
			isa = XCBuildConfiguration;
			buildSettings = {
				ALWAYS_SEARCH_USER_PATHS = NO;
				CLANG_ANALYZER_LOCALIZABILITY_NONLOCALIZED = YES;
				CLANG_ANALYZER_NONNULL = YES;
				CLANG_ANALYZER_NUMBER_OBJECT_CONVERSION = YES_AGGRESSIVE;
				CLANG_CXX_LANGUAGE_STANDARD = "gnu++20";
				CLANG_ENABLE_MODULES = YES;
				CLANG_ENABLE_OBJC_ARC = YES;
				CLANG_ENABLE_OBJC_WEAK = YES;
				CLANG_WARN_BLOCK_CAPTURE_AUTORELEASING = YES;
				CLANG_WARN_BOOL_CONVERSION = YES;
				CLANG_WARN_COMMA = YES;
				CLANG_WARN_CONSTANT_CONVERSION = YES;
				CLANG_WARN_DEPRECATED_OBJC_IMPLEMENTATIONS = YES;
				CLANG_WARN_DIRECT_OBJC_ISA_USAGE = YES_ERROR;
				CLANG_WARN_DOCUMENTATION_COMMENTS = YES;
				CLANG_WARN_EMPTY_BODY = YES;
				CLANG_WARN_ENUM_CONVERSION = YES;
				CLANG_WARN_INFINITE_RECURSION = YES;
				CLANG_WARN_INT_CONVERSION = YES;
				CLANG_WARN_NON_LITERAL_NULL_CONVERSION = YES;
				CLANG_WARN_OBJC_IMPLICIT_RETAIN_SELF = YES;
				CLANG_WARN_OBJC_LITERAL_CONVERSION = YES;
				CLANG_WARN_OBJC_ROOT_CLASS = YES_ERROR;
				CLANG_WARN_QUOTED_INCLUDE_IN_FRAMEWORK_HEADER = YES;
				CLANG_WARN_RANGE_LOOP_ANALYSIS = YES;
				CLANG_WARN_STRICT_PROTOTYPES = YES;
				CLANG_WARN_SUSPICIOUS_MOVE = YES;
				CLANG_WARN_UNGUARDED_AVAILABILITY = YES_AGGRESSIVE;
				CLANG_WARN_UNREACHABLE_CODE = YES;
				CLANG_WARN__DUPLICATE_METHOD_MATCH = YES;
				COPY_PHASE_STRIP = NO;
				DEBUG_INFORMATION_FORMAT = "dwarf-with-dsym";
				ENABLE_NS_ASSERTIONS = NO;
				ENABLE_STRICT_OBJC_MSGSEND = YES;
				GCC_C_LANGUAGE_STANDARD = gnu11;
				GCC_NO_COMMON_BLOCKS = YES;
				GCC_WARN_64_TO_32_BIT_CONVERSION = YES;
				GCC_WARN_ABOUT_RETURN_TYPE = YES_ERROR;
				GCC_WARN_UNDECLARED_SELECTOR = YES;
				GCC_WARN_UNINITIALIZED_AUTOS = YES_AGGRESSIVE;
				GCC_WARN_UNUSED_FUNCTION = YES;
				GCC_WARN_UNUSED_VARIABLE = YES;
				IPHONEOS_DEPLOYMENT_TARGET = 16.0;
				MTL_ENABLE_DEBUG_INFO = NO;
				MTL_FAST_MATH = YES;
				SDKROOT = iphoneos;
				SWIFT_COMPILATION_MODE = wholemodule;
				SWIFT_OPTIMIZATION_LEVEL = "-O";
				VALIDATE_PRODUCT = YES;
			};
			name = Release;
		};
		9D52A85A28F90A74005CF2F7 /* Debug */ = {
			isa = XCBuildConfiguration;
			buildSettings = {
				ASSETCATALOG_COMPILER_APPICON_NAME = AppIcon;
				ASSETCATALOG_COMPILER_GLOBAL_ACCENT_COLOR_NAME = AccentColor;
				CODE_SIGN_STYLE = Automatic;
				CURRENT_PROJECT_VERSION = 1;
				DEVELOPMENT_TEAM = SGH33VSC46;
				GENERATE_INFOPLIST_FILE = YES;
				INFOPLIST_FILE = ToDOS/Info.plist;
				INFOPLIST_KEY_CFBundleDisplayName = "代办事项";
				INFOPLIST_KEY_UIApplicationSupportsIndirectInputEvents = YES;
				INFOPLIST_KEY_UILaunchStoryboardName = LaunchScreen;
				INFOPLIST_KEY_UIMainStoryboardFile = Main;
				INFOPLIST_KEY_UISupportedInterfaceOrientations_iPad = "UIInterfaceOrientationPortrait UIInterfaceOrientationPortraitUpsideDown UIInterfaceOrientationLandscapeLeft UIInterfaceOrientationLandscapeRight";
				INFOPLIST_KEY_UISupportedInterfaceOrientations_iPhone = "UIInterfaceOrientationPortrait UIInterfaceOrientationLandscapeLeft UIInterfaceOrientationLandscapeRight";
				LD_RUNPATH_SEARCH_PATHS = (
					"$(inherited)",
					"@executable_path/Frameworks",
				);
				MARKETING_VERSION = 1.0;
				PRODUCT_BUNDLE_IDENTIFIER = Hwan.ToDOS;
				PRODUCT_NAME = "$(TARGET_NAME)";
				SWIFT_EMIT_LOC_STRINGS = YES;
				SWIFT_VERSION = 5.0;
				TARGETED_DEVICE_FAMILY = "1,2";
			};
			name = Debug;
		};
		9D52A85B28F90A74005CF2F7 /* Release */ = {
			isa = XCBuildConfiguration;
			buildSettings = {
				ASSETCATALOG_COMPILER_APPICON_NAME = AppIcon;
				ASSETCATALOG_COMPILER_GLOBAL_ACCENT_COLOR_NAME = AccentColor;
				CODE_SIGN_STYLE = Automatic;
				CURRENT_PROJECT_VERSION = 1;
				DEVELOPMENT_TEAM = SGH33VSC46;
				GENERATE_INFOPLIST_FILE = YES;
				INFOPLIST_FILE = ToDOS/Info.plist;
				INFOPLIST_KEY_CFBundleDisplayName = "代办事项";
				INFOPLIST_KEY_UIApplicationSupportsIndirectInputEvents = YES;
				INFOPLIST_KEY_UILaunchStoryboardName = LaunchScreen;
				INFOPLIST_KEY_UIMainStoryboardFile = Main;
				INFOPLIST_KEY_UISupportedInterfaceOrientations_iPad = "UIInterfaceOrientationPortrait UIInterfaceOrientationPortraitUpsideDown UIInterfaceOrientationLandscapeLeft UIInterfaceOrientationLandscapeRight";
				INFOPLIST_KEY_UISupportedInterfaceOrientations_iPhone = "UIInterfaceOrientationPortrait UIInterfaceOrientationLandscapeLeft UIInterfaceOrientationLandscapeRight";
				LD_RUNPATH_SEARCH_PATHS = (
					"$(inherited)",
					"@executable_path/Frameworks",
				);
				MARKETING_VERSION = 1.0;
				PRODUCT_BUNDLE_IDENTIFIER = Hwan.ToDOS;
				PRODUCT_NAME = "$(TARGET_NAME)";
				SWIFT_EMIT_LOC_STRINGS = YES;
				SWIFT_VERSION = 5.0;
				TARGETED_DEVICE_FAMILY = "1,2";
			};
			name = Release;
		};
/* End XCBuildConfiguration section */

/* Begin XCConfigurationList section */
		9D52A83D28F90A73005CF2F7 /* Build configuration list for PBXProject "ToDOS" */ = {
			isa = XCConfigurationList;
			buildConfigurations = (
				9D52A85728F90A74005CF2F7 /* Debug */,
				9D52A85828F90A74005CF2F7 /* Release */,
			);
			defaultConfigurationIsVisible = 0;
			defaultConfigurationName = Release;
		};
		9D52A85928F90A74005CF2F7 /* Build configuration list for PBXNativeTarget "ToDOS" */ = {
			isa = XCConfigurationList;
			buildConfigurations = (
				9D52A85A28F90A74005CF2F7 /* Debug */,
				9D52A85B28F90A74005CF2F7 /* Release */,
			);
			defaultConfigurationIsVisible = 0;
			defaultConfigurationName = Release;
		};
/* End XCConfigurationList section */

/* Begin XCVersionGroup section */
		9D52A84E28F90A73005CF2F7 /* ToDOS.xcdatamodeld */ = {
			isa = XCVersionGroup;
			children = (
				9D52A84F28F90A73005CF2F7 /* ToDOS.xcdatamodel */,
			);
			currentVersion = 9D52A84F28F90A73005CF2F7 /* ToDOS.xcdatamodel */;
			path = ToDOS.xcdatamodeld;
			sourceTree = "<group>";
			versionGroupType = wrapper.xcdatamodel;
		};
/* End XCVersionGroup section */
	};
	rootObject = 9D52A83A28F90A73005CF2F7 /* Project object */;
}
